
Microsoft Visual Studio Solution File, Format Version 12.00
# Visual Studio Version 17
VisualStudioVersion = 17.2.32630.192
MinimumVisualStudioVersion = 10.0.40219.1
Project("{FAE04EC0-301F-11D3-BF4B-00C04F79EFBC}") = "WinFormsApp1", "WinFormsApp1\WinFormsApp1.csproj", "{50A52E34-4017-4098-A887-030DE14B1073}"
EndProject
Global
	GlobalSection(SolutionConfigurationPlatforms) = preSolution
		Debug|Any CPU = Debug|Any CPU
		Release|Any CPU = Release|Any CPU
	EndGlobalSection
	GlobalSection(ProjectConfigurationPlatforms) = postSolution
		{50A52E34-4017-4098-A887-030DE14B1073}.Debug|Any CPU.ActiveCfg = Debug|Any CPU
		{50A52E34-4017-4098-A887-030DE14B1073}.Debug|Any CPU.Build.0 = Debug|Any CPU
		{50A52E34-4017-4098-A887-030DE14B1073}.Release|Any CPU.ActiveCfg = Release|Any CPU
		{50A52E34-4017-4098-A887-030DE14B1073}.Release|Any CPU.Build.0 = Release|Any CPU
	EndGlobalSection
	GlobalSection(SolutionProperties) = preSolution
		HideSolutionNode = FALSE
	EndGlobalSection
	GlobalSection(ExtensibilityGlobals) = postSolution
		SolutionGuid = {7E91B0A0-4EA1-4A74-8E9D-BA58E4D05DE4}
	EndGlobalSection
EndGlobal
